
Microsoft Visual Studio Solution File, Format Version 12.00
# Visual Studio 14
VisualStudioVersion = 14.0.23107.0
MinimumVisualStudioVersion = 10.0.40219.1
Project("{FAE04EC0-301F-11D3-BF4B-00C04F79EFBC}") = "lg", "lg\lg.csproj", "{2756E039-C6C9-4417-BD5D-83ED2D761AD1}"
EndProject
Global
	GlobalSection(SolutionConfigurationPlatforms) = preSolution
		Debug|Any CPU = Debug|Any CPU
		Release|Any CPU = Release|Any CPU
	EndGlobalSection
	GlobalSection(ProjectConfigurationPlatforms) = postSolution
		{2756E039-C6C9-4417-BD5D-83ED2D761AD1}.Debug|Any CPU.ActiveCfg = Debug|Any CPU
		{2756E039-C6C9-4417-BD5D-83ED2D761AD1}.Debug|Any CPU.Build.0 = Debug|Any CPU
		{2756E039-C6C9-4417-BD5D-83ED2D761AD1}.Release|Any CPU.ActiveCfg = Release|Any CPU
		{2756E039-C6C9-4417-BD5D-83ED2D761AD1}.Release|Any CPU.Build.0 = Release|Any CPU
	EndGlobalSection
	GlobalSection(SolutionProperties) = preSolution
		HideSolutionNode = FALSE
	EndGlobalSection
EndGlobal
